
Microsoft Visual Studio Solution File, Format Version 12.00
# Visual Studio Version 17
VisualStudioVersion = 17.1.32407.343
MinimumVisualStudioVersion = 10.0.40219.1
Project("{FAE04EC0-301F-11D3-BF4B-00C04F79EFBC}") = "parentalContribution", "parentalContribution\parentalContribution.csproj", "{B373FF23-D0C9-4EDC-BF13-9DE0558721D1}"
EndProject
Global
	GlobalSection(SolutionConfigurationPlatforms) = preSolution
		Debug|Any CPU = Debug|Any CPU
		Release|Any CPU = Release|Any CPU
	EndGlobalSection
	GlobalSection(ProjectConfigurationPlatforms) = postSolution
		{B373FF23-D0C9-4EDC-BF13-9DE0558721D1}.Debug|Any CPU.ActiveCfg = Debug|Any CPU
		{B373FF23-D0C9-4EDC-BF13-9DE0558721D1}.Debug|Any CPU.Build.0 = Debug|Any CPU
		{B373FF23-D0C9-4EDC-BF13-9DE0558721D1}.Release|Any CPU.ActiveCfg = Release|Any CPU
		{B373FF23-D0C9-4EDC-BF13-9DE0558721D1}.Release|Any CPU.Build.0 = Release|Any CPU
	EndGlobalSection
	GlobalSection(SolutionProperties) = preSolution
		HideSolutionNode = FALSE
	EndGlobalSection
	GlobalSection(ExtensibilityGlobals) = postSolution
		SolutionGuid = {DF249E59-2C46-47D4-A000-851DE02EFDD5}
	EndGlobalSection
EndGlobal
